{
  "name": "mmm-music-player",
  "version": "1.0.0",
  "lockfileVersion": 1,
  "requires": true,
  "dependencies": {
    "musicplayer-api": {
      "version": "0.2.0",
      "resolved": "https://registry.npmjs.org/musicplayer-api/-/musicplayer-api-0.2.0.tgz",
      "integrity": "sha1-g2pxEz8FRGhVFdkiv7DDdHXpTF8="
    }
  }
}
